
Microsoft Visual Studio Solution File, Format Version 12.00
# Visual Studio Version 16
VisualStudioVersion = 25.0.1704.3
MinimumVisualStudioVersion = 10.0.40219.1
Project("{FAE04EC0-301F-11D3-BF4B-00C04F79EFBC}") = "exercicio4", "exercicio4\exercicio4.csproj", "{50980F34-FCDE-48AD-A426-697F8C0A9409}"
EndProject
Global
	GlobalSection(SolutionConfigurationPlatforms) = preSolution
		Debug|Any CPU = Debug|Any CPU
		Release|Any CPU = Release|Any CPU
	EndGlobalSection
	GlobalSection(ProjectConfigurationPlatforms) = postSolution
		{50980F34-FCDE-48AD-A426-697F8C0A9409}.Debug|Any CPU.ActiveCfg = Debug|Any CPU
		{50980F34-FCDE-48AD-A426-697F8C0A9409}.Debug|Any CPU.Build.0 = Debug|Any CPU
		{50980F34-FCDE-48AD-A426-697F8C0A9409}.Release|Any CPU.ActiveCfg = Release|Any CPU
		{50980F34-FCDE-48AD-A426-697F8C0A9409}.Release|Any CPU.Build.0 = Release|Any CPU
	EndGlobalSection
	GlobalSection(SolutionProperties) = preSolution
		HideSolutionNode = FALSE
	EndGlobalSection
	GlobalSection(ExtensibilityGlobals) = postSolution
		SolutionGuid = {8C577081-6867-4BB8-815D-22BD4C116D3E}
	EndGlobalSection
EndGlobal
