
Microsoft Visual Studio Solution File, Format Version 12.00
# Visual Studio Version 16
VisualStudioVersion = 25.0.1704.3
MinimumVisualStudioVersion = 10.0.40219.1
Project("{FAE04EC0-301F-11D3-BF4B-00C04F79EFBC}") = "exercicio3", "exercicio3\exercicio3.csproj", "{6A577CCA-A491-4819-8391-6C7C1BD85314}"
EndProject
Global
	GlobalSection(SolutionConfigurationPlatforms) = preSolution
		Debug|Any CPU = Debug|Any CPU
		Release|Any CPU = Release|Any CPU
	EndGlobalSection
	GlobalSection(ProjectConfigurationPlatforms) = postSolution
		{6A577CCA-A491-4819-8391-6C7C1BD85314}.Debug|Any CPU.ActiveCfg = Debug|Any CPU
		{6A577CCA-A491-4819-8391-6C7C1BD85314}.Debug|Any CPU.Build.0 = Debug|Any CPU
		{6A577CCA-A491-4819-8391-6C7C1BD85314}.Release|Any CPU.ActiveCfg = Release|Any CPU
		{6A577CCA-A491-4819-8391-6C7C1BD85314}.Release|Any CPU.Build.0 = Release|Any CPU
	EndGlobalSection
	GlobalSection(SolutionProperties) = preSolution
		HideSolutionNode = FALSE
	EndGlobalSection
	GlobalSection(ExtensibilityGlobals) = postSolution
		SolutionGuid = {58607B1A-997A-4E90-8AAB-5E041E0FC378}
	EndGlobalSection
EndGlobal
